github.com/davecgh/go-spew v1.1.0 h1:ZDRjVQ15GmhC3fiQ8ni8+OwkZQO4DARzQgrnXU1Liz8=
github.com/davecgh/go-spew v1.1.0/go.mod h1:J7Y8YcW2NihsgmVo/mv3lAwl/skON4iLHjSsI+c5H38=
github.com/gobwas/pool v0.2.0 h1:QEmUOlnSjWtnpRGHF3SauEiOsy82Cup83Vf2LcMlnc8=
github.com/gobwas/pool v0.2.0/go.mod h1:q8bcK0KcYlCgd9e7WYLm9LpyS+YeLd8JVDW6WezmKEw=
github.com/libp2p/go-reuseport v0.0.1 h1:7PhkfH73VXfPJYKQ6JwS5I/eVcoyYi9IMNGc6FWpFLw=
github.com/libp2p/go-reuseport v0.0.1/go.mod h1:jn6RmB1ufnQwl0Q1f+YxAj8isJgDCQzaaxIFYDhcYEA=
github.com/panjf2000/gnet v0.1.2-0.20190923074112-dd00ef7a6565 h1:oL3OBbtarxgvszkvmEL7JPhmEc+PIfb428eHKC6QAHE=
github.com/panjf2000/gnet v0.1.2-0.20190923074112-dd00ef7a6565/go.mod h1:N251s4H0wuPrB0ssD/D4ZQYOFJKZOwYxqIejzAodQqc=
github.com/pkg/errors v0.8.1 h1:iURUrRGxPUNPdy5/HRSm+Yj6okJ6UtLINN0Q9M4+h3I=
github.com/pkg/errors v0.8.1/go.mod h1:bwawxfHBFNV+L2hUp1rHADufV3IMtnDRdf1r5NINEl0=
github.com/pkg/term v0.0.0-20190109203006-aa71e9d9e942 h1:A7GG7zcGjl3jqAqGPmcNjd/D9hzL95SuoOQAaFNdLU0=
github.com/pkg/term v0.0.0-20190109203006-aa71e9d9e942/go.mod h1:eCbImbZ95eXtAUIbLAuAVnBnwf83mjf6QIVH8SHYwqQ=
github.com/pmezard/go-difflib v1.0.0 h1:4DBwDE0NGyQoBHbLQYPwSUPoCMWR5BEzIk/f1lZbAQM=
github.com/pmezard/go-difflib v1.0.0/go.mod h1:iKH77koFhYxTK1pcRnkKkqfTogsbg7gZNVY4sRDYZ/4=
github.com/smartystreets-prototypes/go-disruptor v0.0.0-20180723194425-e0f8f9247cc2 h1:nQE8laUyz4HmJDejtrfORw6+a68+9Inpq1+uiIxrb+E=
github.com/smartystreets-prototypes/go-disruptor v0.0.0-20180723194425-e0f8f9247cc2/go.mod h1:ACngBnuB+3ZLly6w2l5kkiUKwrH9kZRo+KKl7+jwhlA=
github.com/stretchr/objx v0.1.0/go.mod h1:HFkY916IF+rwdDfMAkV7OtwuqBVzrE8GR6GFx+wExME=
github.com/stretchr/testify v1.3.0 h1:TivCn/peBQ7UY8ooIcPgZFpTNSz0Q2U6UrFlUfqbe0Q=
github.com/stretchr/testify v1.3.0/go.mod h1:M5WIy9Dh21IEIfnGCwXGc5bZfKNJtfHm1UVUgZn+9EI=
github.com/xyproto/textoutput v1.8.0 h1:0I9ygenO+yp78QPKCgfENpbmVV/MOJrmF+tGFv4zu7o=
github.com/xyproto/textoutput v1.8.0/go.mod h1:p8JnxsbjikbGWPedZKUU1Lq+11pv1mA2tGUwaMUDVps=
github.com/xyproto/vt100 v1.4.0 h1:xU+Obip2JXHLinoT9eKp1i9j/3UmYnJN553qsAP8YQ0=
github.com/xyproto/vt100 v1.4.0/go.mod h1:XbSlky3UyOsVx2zzoHtlVWx8+BTAgVz6P3ECsdcKe5o=
github.com/xyproto/vt100 v1.5.1 h1:LjVe5twvpJJwFG7/yXIcoKIirBkJQTf/kVMb3cvJMFQ=
github.com/xyproto/vt100 v1.5.1/go.mod h1:WHs+m6sqUQn8Hy91Z6wxs9cQd/ztwd3sv1CFH2rR9vI=
go.starlark.net v0.0.0-20191021185836-28350e608555 h1:FhmD1D59MmncMfRVTRa889iERZG3jdaKj/1FtOQB1G0=
go.starlark.net v0.0.0-20191021185836-28350e608555/go.mod h1:c1/X6cHgvdXj6pUlmWKMkuqRnW4K8x2vwt6JAaaircg=
golang.org/x/sys v0.0.0-20190228124157-a34e9553db1e/go.mod h1:STP8DvDyc/dI5b8T5hshtkjS+E42TnysNCUPdjciGhY=
golang.org/x/sys v0.0.0-20190312061237-fead79001313 h1:pczuHS43Cp2ktBEEmLwScxgjWsBSzdaQiKzUyf3DTTc=
golang.org/x/sys v0.0.0-20190312061237-fead79001313/go.mod h1:h1NjWce9XRLGQEsW7wpKNCjG9DtNlClVuFLEZdDNbEs=
golang.org/x/sys v0.0.0-20190916202348-b4ddaad3f8a3/go.mod h1:h1NjWce9XRLGQEsW7wpKNCjG9DtNlClVuFLEZdDNbEs=
golang.org/x/sys v0.0.0-20190927073244-c990c680b611/go.mod h1:h1NjWce9XRLGQEsW7wpKNCjG9DtNlClVuFLEZdDNbEs=
golang.org/x/sys v0.0.0-20191029155521-f43be2a4598c/go.mod h1:h1NjWce9XRLGQEsW7wpKNCjG9DtNlClVuFLEZdDNbEs=
golang.org/x/sys v0.0.0-20191104094858-e8c54fb511f6 h1:ZJUmhYTp8GbGC0ViZRc2U+MIYQ8xx9MscsdXnclfIhw=
golang.org/x/sys v0.0.0-20191104094858-e8c54fb511f6/go.mod h1:h1NjWce9XRLGQEsW7wpKNCjG9DtNlClVuFLEZdDNbEs=
