github.com/davecgh/go-spew v1.1.0 h1:ZDRjVQ15GmhC3fiQ8ni8+OwkZQO4DARzQgrnXU1Liz8=
github.com/davecgh/go-spew v1.1.0/go.mod h1:J7Y8YcW2NihsgmVo/mv3lAwl/skON4iLHjSsI+c5H38=
github.com/gobwas/pool v0.2.0 h1:QEmUOlnSjWtnpRGHF3SauEiOsy82Cup83Vf2LcMlnc8=
github.com/gobwas/pool v0.2.0/go.mod h1:q8bcK0KcYlCgd9e7WYLm9LpyS+YeLd8JVDW6WezmKEw=
github.com/kr/pretty v0.1.0/go.mod h1:dAy3ld7l9f0ibDNOQOHHMYYIIbhfbHSm3C4ZsoJORNo=
github.com/kr/pty v1.1.1/go.mod h1:pFQYn66WHrOpPYNljwOMqo10TkYh1fy3cYio2l3bCsQ=
github.com/kr/text v0.1.0/go.mod h1:4Jbv+DJW3UT/LiOwJeYQe1efqtUx/iVham/4vfdArNI=
github.com/libp2p/go-reuseport v0.0.1 h1:7PhkfH73VXfPJYKQ6JwS5I/eVcoyYi9IMNGc6FWpFLw=
github.com/libp2p/go-reuseport v0.0.1/go.mod h1:jn6RmB1ufnQwl0Q1f+YxAj8isJgDCQzaaxIFYDhcYEA=
github.com/panjf2000/gnet v0.1.2-0.20190923074112-dd00ef7a6565 h1:oL3OBbtarxgvszkvmEL7JPhmEc+PIfb428eHKC6QAHE=
github.com/panjf2000/gnet v0.1.2-0.20190923074112-dd00ef7a6565/go.mod h1:N251s4H0wuPrB0ssD/D4ZQYOFJKZOwYxqIejzAodQqc=
github.com/pkg/errors v0.8.1 h1:iURUrRGxPUNPdy5/HRSm+Yj6okJ6UtLINN0Q9M4+h3I=
github.com/pkg/errors v0.8.1/go.mod h1:bwawxfHBFNV+L2hUp1rHADufV3IMtnDRdf1r5NINEl0=
github.com/pkg/term v0.0.0-20190109203006-aa71e9d9e942 h1:A7GG7zcGjl3jqAqGPmcNjd/D9hzL95SuoOQAaFNdLU0=
github.com/pkg/term v0.0.0-20190109203006-aa71e9d9e942/go.mod h1:eCbImbZ95eXtAUIbLAuAVnBnwf83mjf6QIVH8SHYwqQ=
github.com/pmezard/go-difflib v1.0.0 h1:4DBwDE0NGyQoBHbLQYPwSUPoCMWR5BEzIk/f1lZbAQM=
github.com/pmezard/go-difflib v1.0.0/go.mod h1:iKH77koFhYxTK1pcRnkKkqfTogsbg7gZNVY4sRDYZ/4=
github.com/smartystreets-prototypes/go-disruptor v0.0.0-20180723194425-e0f8f9247cc2 h1:nQE8laUyz4HmJDejtrfORw6+a68+9Inpq1+uiIxrb+E=
github.com/smartystreets-prototypes/go-disruptor v0.0.0-20180723194425-e0f8f9247cc2/go.mod h1:ACngBnuB+3ZLly6w2l5kkiUKwrH9kZRo+KKl7+jwhlA=
github.com/sourcegraph/annotate v0.0.0-20160123013949-f4cad6c6324d/go.mod h1:UdhH50NIW0fCiwBSr0co2m7BnFLdv4fQTgdqdJTHFeE=
github.com/sourcegraph/syntaxhighlight v0.0.0-20170531221838-bd320f5d308e/go.mod h1:HuIsMU8RRBOtsCgI77wP899iHVBQpCmg4ErYMZB+2IA=
github.com/stretchr/objx v0.1.0/go.mod h1:HFkY916IF+rwdDfMAkV7OtwuqBVzrE8GR6GFx+wExME=
github.com/stretchr/testify v1.3.0 h1:TivCn/peBQ7UY8ooIcPgZFpTNSz0Q2U6UrFlUfqbe0Q=
github.com/stretchr/testify v1.3.0/go.mod h1:M5WIy9Dh21IEIfnGCwXGc5bZfKNJtfHm1UVUgZn+9EI=
github.com/xyproto/syntax v0.0.0-20190927130316-33ad839f30fd/go.mod h1:mCJxUY00r+o4tVnC800hsbzKKMdyLYEmZtn3Fd5RKtw=
github.com/xyproto/syntax v0.0.0-20190927172147-1aa81d747d75/go.mod h1:h3+dxeju13EJ5hbm/9uLl0fNVHNVFNofeBRzNZpgJ2c=
github.com/xyproto/textoutput v1.7.0 h1:rQkvXGs2zP5ktcSm7zElcNig4z1q7j7jIngIm11tfIs=
github.com/xyproto/textoutput v1.7.0/go.mod h1:wucBdKjWDgglMwRR84vP5/RG7PEgEOr9ITFAeZ/cFFU=
github.com/xyproto/textoutput v1.7.1-0.20190927112604-959d7da24b61/go.mod h1:wucBdKjWDgglMwRR84vP5/RG7PEgEOr9ITFAeZ/cFFU=
github.com/xyproto/textoutput v1.8.0 h1:0I9ygenO+yp78QPKCgfENpbmVV/MOJrmF+tGFv4zu7o=
github.com/xyproto/textoutput v1.8.0/go.mod h1:p8JnxsbjikbGWPedZKUU1Lq+11pv1mA2tGUwaMUDVps=
github.com/xyproto/vt100 v1.4.0 h1:xU+Obip2JXHLinoT9eKp1i9j/3UmYnJN553qsAP8YQ0=
github.com/xyproto/vt100 v1.4.0/go.mod h1:XbSlky3UyOsVx2zzoHtlVWx8+BTAgVz6P3ECsdcKe5o=
github.com/xyproto/vt100 v1.4.1-0.20190927171939-ded707e5fa0f/go.mod h1:+oNsIfL2iEv0XNDwSfyiekezmDlX5yXz3Bu/iFeRNnY=
github.com/xyproto/vt100 v1.5.0 h1:x/b0vriSt5/uvNdGbGKgxoyg2wEHZiBHIXwqD+TSgDg=
github.com/xyproto/vt100 v1.5.0/go.mod h1:uhKWUqCFhSMSvPAsERJ2Niiq0uZAl1v1W2FMFH7sKWw=
go.starlark.net v0.0.0-20190919145610-979af19b165c h1:WR7X1xgXJlXhQBdorVc9Db3RhwG+J/kp6bLuMyJjfVw=
go.starlark.net v0.0.0-20190919145610-979af19b165c/go.mod h1:c1/X6cHgvdXj6pUlmWKMkuqRnW4K8x2vwt6JAaaircg=
golang.org/x/sys v0.0.0-20190228124157-a34e9553db1e/go.mod h1:STP8DvDyc/dI5b8T5hshtkjS+E42TnysNCUPdjciGhY=
golang.org/x/sys v0.0.0-20190312061237-fead79001313 h1:pczuHS43Cp2ktBEEmLwScxgjWsBSzdaQiKzUyf3DTTc=
golang.org/x/sys v0.0.0-20190312061237-fead79001313/go.mod h1:h1NjWce9XRLGQEsW7wpKNCjG9DtNlClVuFLEZdDNbEs=
golang.org/x/sys v0.0.0-20190916202348-b4ddaad3f8a3/go.mod h1:h1NjWce9XRLGQEsW7wpKNCjG9DtNlClVuFLEZdDNbEs=
golang.org/x/sys v0.0.0-20190919044723-0c1ff786ef13/go.mod h1:h1NjWce9XRLGQEsW7wpKNCjG9DtNlClVuFLEZdDNbEs=
golang.org/x/sys v0.0.0-20190927073244-c990c680b611/go.mod h1:h1NjWce9XRLGQEsW7wpKNCjG9DtNlClVuFLEZdDNbEs=
golang.org/x/sys v0.0.0-20191009170203-06d7bd2c5f4f h1:hjzMYz/7Ea1mNKfOnFOfktR0mlA5jqhvywClCMHM/qw=
golang.org/x/sys v0.0.0-20191009170203-06d7bd2c5f4f/go.mod h1:h1NjWce9XRLGQEsW7wpKNCjG9DtNlClVuFLEZdDNbEs=
